
Microsoft Visual Studio Solution File, Format Version 12.00
# Visual Studio Version 17
VisualStudioVersion = 17.0.31903.59
MinimumVisualStudioVersion = 10.0.40219.1
Project("{2150E333-8FDC-42A3-9474-1A3956D46DE8}") = "API", "API", "{D82C56D6-B2CD-F611-9E31-04638F7EC30E}"
EndProject
Project("{FAE04EC0-301F-11D3-BF4B-00C04F79EFBC}") = "minimal-api", "API\minimal-api.csproj", "{3F80FAAA-FF07-4BFB-B03C-9A9E9C8BDE1C}"
EndProject
Project("{2150E333-8FDC-42A3-9474-1A3956D46DE8}") = "TEST", "TEST", "{0C88DD14-F956-CE84-757C-A364CCF449FC}"
EndProject
Project("{FAE04EC0-301F-11D3-BF4B-00C04F79EFBC}") = "Test", "TEST\Test.csproj", "{4EBAB830-4794-42CD-958B-B59A59AC8728}"
EndProject
Global
	GlobalSection(SolutionConfigurationPlatforms) = preSolution
		Debug|Any CPU = Debug|Any CPU
		Debug|x64 = Debug|x64
		Debug|x86 = Debug|x86
		Release|Any CPU = Release|Any CPU
		Release|x64 = Release|x64
		Release|x86 = Release|x86
	EndGlobalSection
	GlobalSection(ProjectConfigurationPlatforms) = postSolution
		{3F80FAAA-FF07-4BFB-B03C-9A9E9C8BDE1C}.Debug|Any CPU.ActiveCfg = Debug|Any CPU
		{3F80FAAA-FF07-4BFB-B03C-9A9E9C8BDE1C}.Debug|Any CPU.Build.0 = Debug|Any CPU
		{3F80FAAA-FF07-4BFB-B03C-9A9E9C8BDE1C}.Debug|x64.ActiveCfg = Debug|Any CPU
		{3F80FAAA-FF07-4BFB-B03C-9A9E9C8BDE1C}.Debug|x64.Build.0 = Debug|Any CPU
		{3F80FAAA-FF07-4BFB-B03C-9A9E9C8BDE1C}.Debug|x86.ActiveCfg = Debug|Any CPU
		{3F80FAAA-FF07-4BFB-B03C-9A9E9C8BDE1C}.Debug|x86.Build.0 = Debug|Any CPU
		{3F80FAAA-FF07-4BFB-B03C-9A9E9C8BDE1C}.Release|Any CPU.ActiveCfg = Release|Any CPU
		{3F80FAAA-FF07-4BFB-B03C-9A9E9C8BDE1C}.Release|Any CPU.Build.0 = Release|Any CPU
		{3F80FAAA-FF07-4BFB-B03C-9A9E9C8BDE1C}.Release|x64.ActiveCfg = Release|Any CPU
		{3F80FAAA-FF07-4BFB-B03C-9A9E9C8BDE1C}.Release|x64.Build.0 = Release|Any CPU
		{3F80FAAA-FF07-4BFB-B03C-9A9E9C8BDE1C}.Release|x86.ActiveCfg = Release|Any CPU
		{3F80FAAA-FF07-4BFB-B03C-9A9E9C8BDE1C}.Release|x86.Build.0 = Release|Any CPU
		{4EBAB830-4794-42CD-958B-B59A59AC8728}.Debug|Any CPU.ActiveCfg = Debug|Any CPU
		{4EBAB830-4794-42CD-958B-B59A59AC8728}.Debug|Any CPU.Build.0 = Debug|Any CPU
		{4EBAB830-4794-42CD-958B-B59A59AC8728}.Debug|x64.ActiveCfg = Debug|Any CPU
		{4EBAB830-4794-42CD-958B-B59A59AC8728}.Debug|x64.Build.0 = Debug|Any CPU
		{4EBAB830-4794-42CD-958B-B59A59AC8728}.Debug|x86.ActiveCfg = Debug|Any CPU
		{4EBAB830-4794-42CD-958B-B59A59AC8728}.Debug|x86.Build.0 = Debug|Any CPU
		{4EBAB830-4794-42CD-958B-B59A59AC8728}.Release|Any CPU.ActiveCfg = Release|Any CPU
		{4EBAB830-4794-42CD-958B-B59A59AC8728}.Release|Any CPU.Build.0 = Release|Any CPU
		{4EBAB830-4794-42CD-958B-B59A59AC8728}.Release|x64.ActiveCfg = Release|Any CPU
		{4EBAB830-4794-42CD-958B-B59A59AC8728}.Release|x64.Build.0 = Release|Any CPU
		{4EBAB830-4794-42CD-958B-B59A59AC8728}.Release|x86.ActiveCfg = Release|Any CPU
		{4EBAB830-4794-42CD-958B-B59A59AC8728}.Release|x86.Build.0 = Release|Any CPU
	EndGlobalSection
	GlobalSection(SolutionProperties) = preSolution
		HideSolutionNode = FALSE
	EndGlobalSection
	GlobalSection(NestedProjects) = preSolution
		{3F80FAAA-FF07-4BFB-B03C-9A9E9C8BDE1C} = {D82C56D6-B2CD-F611-9E31-04638F7EC30E}
		{4EBAB830-4794-42CD-958B-B59A59AC8728} = {0C88DD14-F956-CE84-757C-A364CCF449FC}
	EndGlobalSection
EndGlobal
